// !$*UTF8*$!
{
	archiveVersion = 1;
	classes = {
	};
	objectVersion = 46;
	objects = {

/* Begin PBXBuildFile section */
		01A8FADC188D335200E561A1 /* Foundation.framework in Frameworks */ = {isa = PBXBuildFile; fileRef = 01A8FADB188D335200E561A1 /* Foundation.framework */; };
		01A8FADE188D335200E561A1 /* CoreGraphics.framework in Frameworks */ = {isa = PBXBuildFile; fileRef = 01A8FADD188D335200E561A1 /* CoreGraphics.framework */; };
		01A8FAE0188D335200E561A1 /* UIKit.framework in Frameworks */ = {isa = PBXBuildFile; fileRef = 01A8FADF188D335200E561A1 /* UIKit.framework */; };
		01A8FAE6188D335200E561A1 /* InfoPlist.strings in Resources */ = {isa = PBXBuildFile; fileRef = 01A8FAE4188D335200E561A1 /* InfoPlist.strings */; };
		01A8FAE8188D335200E561A1 /* main.m in Sources */ = {isa = PBXBuildFile; fileRef = 01A8FAE7188D335200E561A1 /* main.m */; };
		01A8FAEC188D335200E561A1 /* AppDelegate.m in Sources */ = {isa = PBXBuildFile; fileRef = 01A8FAEB188D335200E561A1 /* AppDelegate.m */; };
		01A8FAEE188D335200E561A1 /* Images.xcassets in Resources */ = {isa = PBXBuildFile; fileRef = 01A8FAED188D335200E561A1 /* Images.xcassets */; };
		01A8FAF5188D335200E561A1 /* XCTest.framework in Frameworks */ = {isa = PBXBuildFile; fileRef = 01A8FAF4188D335200E561A1 /* XCTest.framework */; };
		01A8FAF6188D335200E561A1 /* Foundation.framework in Frameworks */ = {isa = PBXBuildFile; fileRef = 01A8FADB188D335200E561A1 /* Foundation.framework */; };
		01A8FAF7188D335200E561A1 /* UIKit.framework in Frameworks */ = {isa = PBXBuildFile; fileRef = 01A8FADF188D335200E561A1 /* UIKit.framework */; };
		01A8FAFF188D335200E561A1 /* InfoPlist.strings in Resources */ = {isa = PBXBuildFile; fileRef = 01A8FAFD188D335200E561A1 /* InfoPlist.strings */; };
		01A8FB01188D335200E561A1 /* DribbbleTestTests.m in Sources */ = {isa = PBXBuildFile; fileRef = 01A8FB00188D335200E561A1 /* DribbbleTestTests.m */; };
		01A8FB75188D608000E561A1 /* SettingsViewController.m in Sources */ = {isa = PBXBuildFile; fileRef = 01A8FB73188D608000E561A1 /* SettingsViewController.m */; };
		01A8FB76188D608000E561A1 /* SettingsViewController.xib in Resources */ = {isa = PBXBuildFile; fileRef = 01A8FB74188D608000E561A1 /* SettingsViewController.xib */; };
		01A8FB7C188D60B900E561A1 /* UIApplication+BuildVersion.m in Sources */ = {isa = PBXBuildFile; fileRef = 01A8FB7B188D60B900E561A1 /* UIApplication+BuildVersion.m */; };
		01A8FB7F188D60C100E561A1 /* UIImage+ScaleAndCrop.m in Sources */ = {isa = PBXBuildFile; fileRef = 01A8FB7E188D60C100E561A1 /* UIImage+ScaleAndCrop.m */; };
		01A8FB84188D613900E561A1 /* dribbble_shots_page2.json in Resources */ = {isa = PBXBuildFile; fileRef = 01A8FB81188D613900E561A1 /* dribbble_shots_page2.json */; };
		01A8FB85188D613900E561A1 /* dribbble_shots_page1.json in Resources */ = {isa = PBXBuildFile; fileRef = 01A8FB82188D613900E561A1 /* dribbble_shots_page1.json */; };
		01A8FB86188D613900E561A1 /* TestShotsPList.plist in Resources */ = {isa = PBXBuildFile; fileRef = 01A8FB83188D613900E561A1 /* TestShotsPList.plist */; };
		01A8FBBA188D615300E561A1 /* 0.jpg in Resources */ = {isa = PBXBuildFile; fileRef = 01A8FB88188D615300E561A1 /* 0.jpg */; };
		01A8FBBB188D615300E561A1 /* 1.jpg in Resources */ = {isa = PBXBuildFile; fileRef = 01A8FB89188D615300E561A1 /* 1.jpg */; };
		01A8FBBC188D615300E561A1 /* 2.jpg in Resources */ = {isa = PBXBuildFile; fileRef = 01A8FB8A188D615300E561A1 /* 2.jpg */; };
		01A8FBBD188D615300E561A1 /* 3.jpg in Resources */ = {isa = PBXBuildFile; fileRef = 01A8FB8B188D615300E561A1 /* 3.jpg */; };
		01A8FBBE188D615300E561A1 /* 4.jpg in Resources */ = {isa = PBXBuildFile; fileRef = 01A8FB8C188D615300E561A1 /* 4.jpg */; };
		01A8FBBF188D615300E561A1 /* 5.jpg in Resources */ = {isa = PBXBuildFile; fileRef = 01A8FB8D188D615300E561A1 /* 5.jpg */; };
		01A8FBC0188D615300E561A1 /* 6.jpg in Resources */ = {isa = PBXBuildFile; fileRef = 01A8FB8E188D615300E561A1 /* 6.jpg */; };
		01A8FBC1188D615300E561A1 /* 7.jpg in Resources */ = {isa = PBXBuildFile; fileRef = 01A8FB8F188D615300E561A1 /* 7.jpg */; };
		01A8FBC2188D615300E561A1 /* 8.jpg in Resources */ = {isa = PBXBuildFile; fileRef = 01A8FB90188D615300E561A1 /* 8.jpg */; };
		01A8FBC3188D615300E561A1 /* 9.jpg in Resources */ = {isa = PBXBuildFile; fileRef = 01A8FB91188D615300E561A1 /* 9.jpg */; };
		01A8FBC4188D615300E561A1 /* 10.jpg in Resources */ = {isa = PBXBuildFile; fileRef = 01A8FB92188D615300E561A1 /* 10.jpg */; };
		01A8FBC5188D615300E561A1 /* 11.jpg in Resources */ = {isa = PBXBuildFile; fileRef = 01A8FB93188D615300E561A1 /* 11.jpg */; };
		01A8FBC6188D615300E561A1 /* 12.jpg in Resources */ = {isa = PBXBuildFile; fileRef = 01A8FB94188D615300E561A1 /* 12.jpg */; };
		01A8FBC7188D615300E561A1 /* 13.jpg in Resources */ = {isa = PBXBuildFile; fileRef = 01A8FB95188D615300E561A1 /* 13.jpg */; };
		01A8FBC8188D615300E561A1 /* 14.jpg in Resources */ = {isa = PBXBuildFile; fileRef = 01A8FB96188D615300E561A1 /* 14.jpg */; };
		01A8FBC9188D615300E561A1 /* 15.jpg in Resources */ = {isa = PBXBuildFile; fileRef = 01A8FB97188D615300E561A1 /* 15.jpg */; };
		01A8FBCA188D615300E561A1 /* 16.jpg in Resources */ = {isa = PBXBuildFile; fileRef = 01A8FB98188D615300E561A1 /* 16.jpg */; };
		01A8FBCB188D615300E561A1 /* 17.jpg in Resources */ = {isa = PBXBuildFile; fileRef = 01A8FB99188D615300E561A1 /* 17.jpg */; };
		01A8FBCC188D615300E561A1 /* 18.jpg in Resources */ = {isa = PBXBuildFile; fileRef = 01A8FB9A188D615300E561A1 /* 18.jpg */; };
		01A8FBCD188D615300E561A1 /* 19.jpg in Resources */ = {isa = PBXBuildFile; fileRef = 01A8FB9B188D615300E561A1 /* 19.jpg */; };
		01A8FBCE188D615300E561A1 /* 20.jpg in Resources */ = {isa = PBXBuildFile; fileRef = 01A8FB9C188D615300E561A1 /* 20.jpg */; };
		01A8FBCF188D615300E561A1 /* 21.jpg in Resources */ = {isa = PBXBuildFile; fileRef = 01A8FB9D188D615300E561A1 /* 21.jpg */; };
		01A8FBD0188D615300E561A1 /* 22.jpg in Resources */ = {isa = PBXBuildFile; fileRef = 01A8FB9E188D615300E561A1 /* 22.jpg */; };
		01A8FBD1188D615300E561A1 /* 23.jpg in Resources */ = {isa = PBXBuildFile; fileRef = 01A8FB9F188D615300E561A1 /* 23.jpg */; };
		01A8FBD2188D615300E561A1 /* 24.jpg in Resources */ = {isa = PBXBuildFile; fileRef = 01A8FBA0188D615300E561A1 /* 24.jpg */; };
		01A8FBD3188D615300E561A1 /* 25.jpg in Resources */ = {isa = PBXBuildFile; fileRef = 01A8FBA1188D615300E561A1 /* 25.jpg */; };
		01A8FBD4188D615300E561A1 /* 26.jpg in Resources */ = {isa = PBXBuildFile; fileRef = 01A8FBA2188D615300E561A1 /* 26.jpg */; };
		01A8FBD5188D615300E561A1 /* 27.jpg in Resources */ = {isa = PBXBuildFile; fileRef = 01A8FBA3188D615300E561A1 /* 27.jpg */; };
		01A8FBD6188D615300E561A1 /* 28.jpg in Resources */ = {isa = PBXBuildFile; fileRef = 01A8FBA4188D615300E561A1 /* 28.jpg */; };
		01A8FBD7188D615300E561A1 /* 29.jpg in Resources */ = {isa = PBXBuildFile; fileRef = 01A8FBA5188D615300E561A1 /* 29.jpg */; };
		01A8FBD8188D615300E561A1 /* 30.jpg in Resources */ = {isa = PBXBuildFile; fileRef = 01A8FBA6188D615300E561A1 /* 30.jpg */; };
		01A8FBD9188D615300E561A1 /* 31.jpg in Resources */ = {isa = PBXBuildFile; fileRef = 01A8FBA7188D615300E561A1 /* 31.jpg */; };
		01A8FBDA188D615300E561A1 /* 32.jpg in Resources */ = {isa = PBXBuildFile; fileRef = 01A8FBA8188D615300E561A1 /* 32.jpg */; };
		01A8FBDB188D615300E561A1 /* 33.jpg in Resources */ = {isa = PBXBuildFile; fileRef = 01A8FBA9188D615300E561A1 /* 33.jpg */; };
		01A8FBDC188D615300E561A1 /* 34.jpg in Resources */ = {isa = PBXBuildFile; fileRef = 01A8FBAA188D615300E561A1 /* 34.jpg */; };
		01A8FBDD188D615300E561A1 /* 35.jpg in Resources */ = {isa = PBXBuildFile; fileRef = 01A8FBAB188D615300E561A1 /* 35.jpg */; };
		01A8FBDE188D615300E561A1 /* 36.jpg in Resources */ = {isa = PBXBuildFile; fileRef = 01A8FBAC188D615300E561A1 /* 36.jpg */; };
		01A8FBDF188D615300E561A1 /* 37.jpg in Resources */ = {isa = PBXBuildFile; fileRef = 01A8FBAD188D615300E561A1 /* 37.jpg */; };
		01A8FBE0188D615300E561A1 /* 38.jpg in Resources */ = {isa = PBXBuildFile; fileRef = 01A8FBAE188D615300E561A1 /* 38.jpg */; };
		01A8FBE1188D615300E561A1 /* 39.jpg in Resources */ = {isa = PBXBuildFile; fileRef = 01A8FBAF188D615300E561A1 /* 39.jpg */; };
		01A8FBE2188D615300E561A1 /* 40.jpg in Resources */ = {isa = PBXBuildFile; fileRef = 01A8FBB0188D615300E561A1 /* 40.jpg */; };
		01A8FBE3188D615300E561A1 /* 41.jpg in Resources */ = {isa = PBXBuildFile; fileRef = 01A8FBB1188D615300E561A1 /* 41.jpg */; };
		01A8FBE4188D615300E561A1 /* 42.jpg in Resources */ = {isa = PBXBuildFile; fileRef = 01A8FBB2188D615300E561A1 /* 42.jpg */; };
		01A8FBE5188D615300E561A1 /* 43.jpg in Resources */ = {isa = PBXBuildFile; fileRef = 01A8FBB3188D615300E561A1 /* 43.jpg */; };
		01A8FBE6188D615300E561A1 /* 44.jpg in Resources */ = {isa = PBXBuildFile; fileRef = 01A8FBB4188D615300E561A1 /* 44.jpg */; };
		01A8FBE7188D615300E561A1 /* 45.jpg in Resources */ = {isa = PBXBuildFile; fileRef = 01A8FBB5188D615300E561A1 /* 45.jpg */; };
		01A8FBE8188D615300E561A1 /* 46.jpg in Resources */ = {isa = PBXBuildFile; fileRef = 01A8FBB6188D615300E561A1 /* 46.jpg */; };
		01A8FBE9188D615300E561A1 /* 47.jpg in Resources */ = {isa = PBXBuildFile; fileRef = 01A8FBB7188D615300E561A1 /* 47.jpg */; };
		01A8FBEA188D615300E561A1 /* 48.jpg in Resources */ = {isa = PBXBuildFile; fileRef = 01A8FBB8188D615300E561A1 /* 48.jpg */; };
		01A8FBEB188D615300E561A1 /* 49.jpg in Resources */ = {isa = PBXBuildFile; fileRef = 01A8FBB9188D615300E561A1 /* 49.jpg */; };
		01A8FBF2188D620000E561A1 /* ABFavoriteBadge@2x.png in Resources */ = {isa = PBXBuildFile; fileRef = 01A8FBEF188D620000E561A1 /* ABFavoriteBadge@2x.png */; };
		01A8FBF3188D620000E561A1 /* settings-icon1@2x.png in Resources */ = {isa = PBXBuildFile; fileRef = 01A8FBF0188D620000E561A1 /* settings-icon1@2x.png */; };
		01A8FBF4188D620000E561A1 /* MobileMailSettings_mailbox@2x.png in Resources */ = {isa = PBXBuildFile; fileRef = 01A8FBF1188D620000E561A1 /* MobileMailSettings_mailbox@2x.png */; };
		01A8FBF8188D647300E561A1 /* SettingsViewControllerSpecs.m in Sources */ = {isa = PBXBuildFile; fileRef = 01A8FBF7188D647300E561A1 /* SettingsViewControllerSpecs.m */; };
		01A8FC00188D678C00E561A1 /* BaseShotCell.m in Sources */ = {isa = PBXBuildFile; fileRef = 01A8FBFF188D678C00E561A1 /* BaseShotCell.m */; };
		01A8FC06188D67AC00E561A1 /* favorbutton-titlelogo-ontap.png in Resources */ = {isa = PBXBuildFile; fileRef = 01A8FC02188D67AC00E561A1 /* favorbutton-titlelogo-ontap.png */; };
		01A8FC07188D67AC00E561A1 /* favorbutton-titlelogo-ontap@2x.png in Resources */ = {isa = PBXBuildFile; fileRef = 01A8FC03188D67AC00E561A1 /* favorbutton-titlelogo-ontap@2x.png */; };
		01A8FC08188D67AC00E561A1 /* favorites-empty-icon.png in Resources */ = {isa = PBXBuildFile; fileRef = 01A8FC04188D67AC00E561A1 /* favorites-empty-icon.png */; };
		01A8FC09188D67AC00E561A1 /* favorites-empty-icon@2x.png in Resources */ = {isa = PBXBuildFile; fileRef = 01A8FC05188D67AC00E561A1 /* favorites-empty-icon@2x.png */; };
		01A8FC0D188D67BB00E561A1 /* StarShotCell.m in Sources */ = {isa = PBXBuildFile; fileRef = 01A8FC0B188D67BB00E561A1 /* StarShotCell.m */; };
		01A8FC11188D67E200E561A1 /* delete.png in Resources */ = {isa = PBXBuildFile; fileRef = 01A8FC0F188D67E200E561A1 /* delete.png */; };
		01A8FC12188D67E200E561A1 /* delete@2x.png in Resources */ = {isa = PBXBuildFile; fileRef = 01A8FC10188D67E200E561A1 /* delete@2x.png */; };
		01A8FC16188D67F100E561A1 /* DeleteShotCell.m in Sources */ = {isa = PBXBuildFile; fileRef = 01A8FC14188D67F100E561A1 /* DeleteShotCell.m */; };
		01A8FC1B188D685D00E561A1 /* Shot.m in Sources */ = {isa = PBXBuildFile; fileRef = 01A8FC19188D685D00E561A1 /* Shot.m */; };
		01A8FC1C188D685D00E561A1 /* ShotDataModel.xcdatamodel in Sources */ = {isa = PBXBuildFile; fileRef = 01A8FC1A188D685D00E561A1 /* ShotDataModel.xcdatamodel */; };
		01A8FC21188D68B500E561A1 /* ImageFileManager.m in Sources */ = {isa = PBXBuildFile; fileRef = 01A8FC20188D68B500E561A1 /* ImageFileManager.m */; };
		01A8FC28188D6A0C00E561A1 /* BaseShotCellSpecs.m in Sources */ = {isa = PBXBuildFile; fileRef = 01A8FC27188D6A0C00E561A1 /* BaseShotCellSpecs.m */; };
		01A8FC2A188D6A1300E561A1 /* DeleteShotCellSpecs.m in Sources */ = {isa = PBXBuildFile; fileRef = 01A8FC29188D6A1300E561A1 /* DeleteShotCellSpecs.m */; };
		01A8FC2C188D6A1D00E561A1 /* StarShotCellSpecs.m in Sources */ = {isa = PBXBuildFile; fileRef = 01A8FC2B188D6A1D00E561A1 /* StarShotCellSpecs.m */; };
		71336BCF02194697889BA12C /* libPods-DribbbleTestTests.a in Frameworks */ = {isa = PBXBuildFile; fileRef = 2A4BE03D46484004A561CBC0 /* libPods-DribbbleTestTests.a */; };
		82B80B5A03344E08996B4CA4 /* libPods.a in Frameworks */ = {isa = PBXBuildFile; fileRef = F321DA354D074F5386E51019 /* libPods.a */; };
/* End PBXBuildFile section */

/* Begin PBXContainerItemProxy section */
		01A8FAF8188D335200E561A1 /* PBXContainerItemProxy */ = {
			isa = PBXContainerItemProxy;
			containerPortal = 01A8FAD0188D335200E561A1 /* Project object */;
			proxyType = 1;
			remoteGlobalIDString = 01A8FAD7188D335200E561A1;
			remoteInfo = DribbbleTest;
		};
/* End PBXContainerItemProxy section */

/* Begin PBXFileReference section */
		01A8FAD8188D335200E561A1 /* DribbbleTest.app */ = {isa = PBXFileReference; explicitFileType = wrapper.application; includeInIndex = 0; path = DribbbleTest.app; sourceTree = BUILT_PRODUCTS_DIR; };
		01A8FADB188D335200E561A1 /* Foundation.framework */ = {isa = PBXFileReference; lastKnownFileType = wrapper.framework; name = Foundation.framework; path = System/Library/Frameworks/Foundation.framework; sourceTree = SDKROOT; };
		01A8FADD188D335200E561A1 /* CoreGraphics.framework */ = {isa = PBXFileReference; lastKnownFileType = wrapper.framework; name = CoreGraphics.framework; path = System/Library/Frameworks/CoreGraphics.framework; sourceTree = SDKROOT; };
		01A8FADF188D335200E561A1 /* UIKit.framework */ = {isa = PBXFileReference; lastKnownFileType = wrapper.framework; name = UIKit.framework; path = System/Library/Frameworks/UIKit.framework; sourceTree = SDKROOT; };
		01A8FAE3188D335200E561A1 /* DribbbleTest-Info.plist */ = {isa = PBXFileReference; lastKnownFileType = text.plist.xml; path = "DribbbleTest-Info.plist"; sourceTree = "<group>"; };
		01A8FAE5188D335200E561A1 /* en */ = {isa = PBXFileReference; lastKnownFileType = text.plist.strings; name = en; path = en.lproj/InfoPlist.strings; sourceTree = "<group>"; };
		01A8FAE7188D335200E561A1 /* main.m */ = {isa = PBXFileReference; lastKnownFileType = sourcecode.c.objc; path = main.m; sourceTree = "<group>"; };
		01A8FAE9188D335200E561A1 /* DribbbleTest-Prefix.pch */ = {isa = PBXFileReference; lastKnownFileType = sourcecode.c.h; path = "DribbbleTest-Prefix.pch"; sourceTree = "<group>"; };
		01A8FAEA188D335200E561A1 /* AppDelegate.h */ = {isa = PBXFileReference; lastKnownFileType = sourcecode.c.h; path = AppDelegate.h; sourceTree = "<group>"; };
		01A8FAEB188D335200E561A1 /* AppDelegate.m */ = {isa = PBXFileReference; lastKnownFileType = sourcecode.c.objc; path = AppDelegate.m; sourceTree = "<group>"; };
		01A8FAED188D335200E561A1 /* Images.xcassets */ = {isa = PBXFileReference; lastKnownFileType = folder.assetcatalog; path = Images.xcassets; sourceTree = "<group>"; };
		01A8FAF3188D335200E561A1 /* DribbbleTestTests.xctest */ = {isa = PBXFileReference; explicitFileType = wrapper.cfbundle; includeInIndex = 0; path = DribbbleTestTests.xctest; sourceTree = BUILT_PRODUCTS_DIR; };
		01A8FAF4188D335200E561A1 /* XCTest.framework */ = {isa = PBXFileReference; lastKnownFileType = wrapper.framework; name = XCTest.framework; path = Library/Frameworks/XCTest.framework; sourceTree = DEVELOPER_DIR; };
		01A8FAFC188D335200E561A1 /* DribbbleTestTests-Info.plist */ = {isa = PBXFileReference; lastKnownFileType = text.plist.xml; path = "DribbbleTestTests-Info.plist"; sourceTree = "<group>"; };
		01A8FAFE188D335200E561A1 /* en */ = {isa = PBXFileReference; lastKnownFileType = text.plist.strings; name = en; path = en.lproj/InfoPlist.strings; sourceTree = "<group>"; };
		01A8FB00188D335200E561A1 /* DribbbleTestTests.m */ = {isa = PBXFileReference; lastKnownFileType = sourcecode.c.objc; path = DribbbleTestTests.m; sourceTree = "<group>"; };
		01A8FB71188D608000E561A1 /* SettingsViewController_Private.h */ = {isa = PBXFileReference; fileEncoding = 4; lastKnownFileType = sourcecode.c.h; path = SettingsViewController_Private.h; sourceTree = "<group>"; };
		01A8FB72188D608000E561A1 /* SettingsViewController.h */ = {isa = PBXFileReference; fileEncoding = 4; lastKnownFileType = sourcecode.c.h; path = SettingsViewController.h; sourceTree = "<group>"; };
		01A8FB73188D608000E561A1 /* SettingsViewController.m */ = {isa = PBXFileReference; fileEncoding = 4; lastKnownFileType = sourcecode.c.objc; path = SettingsViewController.m; sourceTree = "<group>"; };
		01A8FB74188D608000E561A1 /* SettingsViewController.xib */ = {isa = PBXFileReference; fileEncoding = 4; lastKnownFileType = file.xib; path = SettingsViewController.xib; sourceTree = "<group>"; };
		01A8FB7A188D60B900E561A1 /* UIApplication+BuildVersion.h */ = {isa = PBXFileReference; fileEncoding = 4; lastKnownFileType = sourcecode.c.h; path = "UIApplication+BuildVersion.h"; sourceTree = "<group>"; };
		01A8FB7B188D60B900E561A1 /* UIApplication+BuildVersion.m */ = {isa = PBXFileReference; fileEncoding = 4; lastKnownFileType = sourcecode.c.objc; path = "UIApplication+BuildVersion.m"; sourceTree = "<group>"; };
		01A8FB7D188D60C100E561A1 /* UIImage+ScaleAndCrop.h */ = {isa = PBXFileReference; fileEncoding = 4; lastKnownFileType = sourcecode.c.h; path = "UIImage+ScaleAndCrop.h"; sourceTree = "<group>"; };
		01A8FB7E188D60C100E561A1 /* UIImage+ScaleAndCrop.m */ = {isa = PBXFileReference; fileEncoding = 4; lastKnownFileType = sourcecode.c.objc; path = "UIImage+ScaleAndCrop.m"; sourceTree = "<group>"; };
		01A8FB81188D613900E561A1 /* dribbble_shots_page2.json */ = {isa = PBXFileReference; fileEncoding = 4; lastKnownFileType = text.json; path = dribbble_shots_page2.json; sourceTree = "<group>"; };
		01A8FB82188D613900E561A1 /* dribbble_shots_page1.json */ = {isa = PBXFileReference; fileEncoding = 4; lastKnownFileType = text.json; path = dribbble_shots_page1.json; sourceTree = "<group>"; };
		01A8FB83188D613900E561A1 /* TestShotsPList.plist */ = {isa = PBXFileReference; fileEncoding = 4; lastKnownFileType = text.plist.xml; path = TestShotsPList.plist; sourceTree = "<group>"; };
		01A8FB88188D615300E561A1 /* 0.jpg */ = {isa = PBXFileReference; lastKnownFileType = image.jpeg; path = 0.jpg; sourceTree = "<group>"; };
		01A8FB89188D615300E561A1 /* 1.jpg */ = {isa = PBXFileReference; lastKnownFileType = image.jpeg; path = 1.jpg; sourceTree = "<group>"; };
		01A8FB8A188D615300E561A1 /* 2.jpg */ = {isa = PBXFileReference; lastKnownFileType = image.jpeg; path = 2.jpg; sourceTree = "<group>"; };
		01A8FB8B188D615300E561A1 /* 3.jpg */ = {isa = PBXFileReference; lastKnownFileType = image.jpeg; path = 3.jpg; sourceTree = "<group>"; };
		01A8FB8C188D615300E561A1 /* 4.jpg */ = {isa = PBXFileReference; lastKnownFileType = image.jpeg; path = 4.jpg; sourceTree = "<group>"; };
		01A8FB8D188D615300E561A1 /* 5.jpg */ = {isa = PBXFileReference; lastKnownFileType = image.jpeg; path = 5.jpg; sourceTree = "<group>"; };
		01A8FB8E188D615300E561A1 /* 6.jpg */ = {isa = PBXFileReference; lastKnownFileType = image.jpeg; path = 6.jpg; sourceTree = "<group>"; };
		01A8FB8F188D615300E561A1 /* 7.jpg */ = {isa = PBXFileReference; lastKnownFileType = image.jpeg; path = 7.jpg; sourceTree = "<group>"; };
		01A8FB90188D615300E561A1 /* 8.jpg */ = {isa = PBXFileReference; lastKnownFileType = image.jpeg; path = 8.jpg; sourceTree = "<group>"; };
		01A8FB91188D615300E561A1 /* 9.jpg */ = {isa = PBXFileReference; lastKnownFileType = image.jpeg; path = 9.jpg; sourceTree = "<group>"; };
		01A8FB92188D615300E561A1 /* 10.jpg */ = {isa = PBXFileReference; lastKnownFileType = image.jpeg; path = 10.jpg; sourceTree = "<group>"; };
		01A8FB93188D615300E561A1 /* 11.jpg */ = {isa = PBXFileReference; lastKnownFileType = image.jpeg; path = 11.jpg; sourceTree = "<group>"; };
		01A8FB94188D615300E561A1 /* 12.jpg */ = {isa = PBXFileReference; lastKnownFileType = image.jpeg; path = 12.jpg; sourceTree = "<group>"; };
		01A8FB95188D615300E561A1 /* 13.jpg */ = {isa = PBXFileReference; lastKnownFileType = image.jpeg; path = 13.jpg; sourceTree = "<group>"; };
		01A8FB96188D615300E561A1 /* 14.jpg */ = {isa = PBXFileReference; lastKnownFileType = image.jpeg; path = 14.jpg; sourceTree = "<group>"; };
		01A8FB97188D615300E561A1 /* 15.jpg */ = {isa = PBXFileReference; lastKnownFileType = image.jpeg; path = 15.jpg; sourceTree = "<group>"; };
		01A8FB98188D615300E561A1 /* 16.jpg */ = {isa = PBXFileReference; lastKnownFileType = image.jpeg; path = 16.jpg; sourceTree = "<group>"; };
		01A8FB99188D615300E561A1 /* 17.jpg */ = {isa = PBXFileReference; lastKnownFileType = image.jpeg; path = 17.jpg; sourceTree = "<group>"; };
		01A8FB9A188D615300E561A1 /* 18.jpg */ = {isa = PBXFileReference; lastKnownFileType = image.jpeg; path = 18.jpg; sourceTree = "<group>"; };
		01A8FB9B188D615300E561A1 /* 19.jpg */ = {isa = PBXFileReference; lastKnownFileType = image.jpeg; path = 19.jpg; sourceTree = "<group>"; };
		01A8FB9C188D615300E561A1 /* 20.jpg */ = {isa = PBXFileReference; lastKnownFileType = image.jpeg; path = 20.jpg; sourceTree = "<group>"; };
		01A8FB9D188D615300E561A1 /* 21.jpg */ = {isa = PBXFileReference; lastKnownFileType = image.jpeg; path = 21.jpg; sourceTree = "<group>"; };
		01A8FB9E188D615300E561A1 /* 22.jpg */ = {isa = PBXFileReference; lastKnownFileType = image.jpeg; path = 22.jpg; sourceTree = "<group>"; };
		01A8FB9F188D615300E561A1 /* 23.jpg */ = {isa = PBXFileReference; lastKnownFileType = image.jpeg; path = 23.jpg; sourceTree = "<group>"; };
		01A8FBA0188D615300E561A1 /* 24.jpg */ = {isa = PBXFileReference; lastKnownFileType = image.jpeg; path = 24.jpg; sourceTree = "<group>"; };
		01A8FBA1188D615300E561A1 /* 25.jpg */ = {isa = PBXFileReference; lastKnownFileType = image.jpeg; path = 25.jpg; sourceTree = "<group>"; };
		01A8FBA2188D615300E561A1 /* 26.jpg */ = {isa = PBXFileReference; lastKnownFileType = image.jpeg; path = 26.jpg; sourceTree = "<group>"; };
		01A8FBA3188D615300E561A1 /* 27.jpg */ = {isa = PBXFileReference; lastKnownFileType = image.jpeg; path = 27.jpg; sourceTree = "<group>"; };
		01A8FBA4188D615300E561A1 /* 28.jpg */ = {isa = PBXFileReference; lastKnownFileType = image.jpeg; path = 28.jpg; sourceTree = "<group>"; };
		01A8FBA5188D615300E561A1 /* 29.jpg */ = {isa = PBXFileReference; lastKnownFileType = image.jpeg; path = 29.jpg; sourceTree = "<group>"; };
		01A8FBA6188D615300E561A1 /* 30.jpg */ = {isa = PBXFileReference; lastKnownFileType = image.jpeg; path = 30.jpg; sourceTree = "<group>"; };
		01A8FBA7188D615300E561A1 /* 31.jpg */ = {isa = PBXFileReference; lastKnownFileType = image.jpeg; path = 31.jpg; sourceTree = "<group>"; };
		01A8FBA8188D615300E561A1 /* 32.jpg */ = {isa = PBXFileReference; lastKnownFileType = image.jpeg; path = 32.jpg; sourceTree = "<group>"; };
		01A8FBA9188D615300E561A1 /* 33.jpg */ = {isa = PBXFileReference; lastKnownFileType = image.jpeg; path = 33.jpg; sourceTree = "<group>"; };
		01A8FBAA188D615300E561A1 /* 34.jpg */ = {isa = PBXFileReference; lastKnownFileType = image.jpeg; path = 34.jpg; sourceTree = "<group>"; };
		01A8FBAB188D615300E561A1 /* 35.jpg */ = {isa = PBXFileReference; lastKnownFileType = image.jpeg; path = 35.jpg; sourceTree = "<group>"; };
		01A8FBAC188D615300E561A1 /* 36.jpg */ = {isa = PBXFileReference; lastKnownFileType = image.jpeg; path = 36.jpg; sourceTree = "<group>"; };
		01A8FBAD188D615300E561A1 /* 37.jpg */ = {isa = PBXFileReference; lastKnownFileType = image.jpeg; path = 37.jpg; sourceTree = "<group>"; };
		01A8FBAE188D615300E561A1 /* 38.jpg */ = {isa = PBXFileReference; lastKnownFileType = image.jpeg; path = 38.jpg; sourceTree = "<group>"; };
		01A8FBAF188D615300E561A1 /* 39.jpg */ = {isa = PBXFileReference; lastKnownFileType = image.jpeg; path = 39.jpg; sourceTree = "<group>"; };
		01A8FBB0188D615300E561A1 /* 40.jpg */ = {isa = PBXFileReference; lastKnownFileType = image.jpeg; path = 40.jpg; sourceTree = "<group>"; };
		01A8FBB1188D615300E561A1 /* 41.jpg */ = {isa = PBXFileReference; lastKnownFileType = image.jpeg; path = 41.jpg; sourceTree = "<group>"; };
		01A8FBB2188D615300E561A1 /* 42.jpg */ = {isa = PBXFileReference; lastKnownFileType = image.jpeg; path = 42.jpg; sourceTree = "<group>"; };
		01A8FBB3188D615300E561A1 /* 43.jpg */ = {isa = PBXFileReference; lastKnownFileType = image.jpeg; path = 43.jpg; sourceTree = "<group>"; };
		01A8FBB4188D615300E561A1 /* 44.jpg */ = {isa = PBXFileReference; lastKnownFileType = image.jpeg; path = 44.jpg; sourceTree = "<group>"; };
		01A8FBB5188D615300E561A1 /* 45.jpg */ = {isa = PBXFileReference; lastKnownFileType = image.jpeg; path = 45.jpg; sourceTree = "<group>"; };
		01A8FBB6188D615300E561A1 /* 46.jpg */ = {isa = PBXFileReference; lastKnownFileType = image.jpeg; path = 46.jpg; sourceTree = "<group>"; };
		01A8FBB7188D615300E561A1 /* 47.jpg */ = {isa = PBXFileReference; lastKnownFileType = image.jpeg; path = 47.jpg; sourceTree = "<group>"; };
		01A8FBB8188D615300E561A1 /* 48.jpg */ = {isa = PBXFileReference; lastKnownFileType = image.jpeg; path = 48.jpg; sourceTree = "<group>"; };
		01A8FBB9188D615300E561A1 /* 49.jpg */ = {isa = PBXFileReference; lastKnownFileType = image.jpeg; path = 49.jpg; sourceTree = "<group>"; };
		01A8FBEF188D620000E561A1 /* ABFavoriteBadge@2x.png */ = {isa = PBXFileReference; lastKnownFileType = image.png; path = "ABFavoriteBadge@2x.png"; sourceTree = "<group>"; };
		01A8FBF0188D620000E561A1 /* settings-icon1@2x.png */ = {isa = PBXFileReference; lastKnownFileType = image.png; path = "settings-icon1@2x.png"; sourceTree = "<group>"; };
		01A8FBF1188D620000E561A1 /* MobileMailSettings_mailbox@2x.png */ = {isa = PBXFileReference; lastKnownFileType = image.png; path = "MobileMailSettings_mailbox@2x.png"; sourceTree = "<group>"; };
		01A8FBF7188D647300E561A1 /* SettingsViewControllerSpecs.m */ = {isa = PBXFileReference; fileEncoding = 4; lastKnownFileType = sourcecode.c.objc; path = SettingsViewControllerSpecs.m; sourceTree = "<group>"; };
		01A8FBFD188D678C00E561A1 /* BaseShotCell_Private.h */ = {isa = PBXFileReference; fileEncoding = 4; lastKnownFileType = sourcecode.c.h; path = BaseShotCell_Private.h; sourceTree = "<group>"; };
		01A8FBFE188D678C00E561A1 /* BaseShotCell.h */ = {isa = PBXFileReference; fileEncoding = 4; lastKnownFileType = sourcecode.c.h; path = BaseShotCell.h; sourceTree = "<group>"; };
		01A8FBFF188D678C00E561A1 /* BaseShotCell.m */ = {isa = PBXFileReference; fileEncoding = 4; lastKnownFileType = sourcecode.c.objc; path = BaseShotCell.m; sourceTree = "<group>"; };
		01A8FC02188D67AC00E561A1 /* favorbutton-titlelogo-ontap.png */ = {isa = PBXFileReference; lastKnownFileType = image.png; path = "favorbutton-titlelogo-ontap.png"; sourceTree = "<group>"; };
		01A8FC03188D67AC00E561A1 /* favorbutton-titlelogo-ontap@2x.png */ = {isa = PBXFileReference; lastKnownFileType = image.png; path = "favorbutton-titlelogo-ontap@2x.png"; sourceTree = "<group>"; };
		01A8FC04188D67AC00E561A1 /* favorites-empty-icon.png */ = {isa = PBXFileReference; lastKnownFileType = image.png; path = "favorites-empty-icon.png"; sourceTree = "<group>"; };
		01A8FC05188D67AC00E561A1 /* favorites-empty-icon@2x.png */ = {isa = PBXFileReference; lastKnownFileType = image.png; path = "favorites-empty-icon@2x.png"; sourceTree = "<group>"; };
		01A8FC0A188D67BB00E561A1 /* StarShotCell.h */ = {isa = PBXFileReference; fileEncoding = 4; lastKnownFileType = sourcecode.c.h; path = StarShotCell.h; sourceTree = "<group>"; };
		01A8FC0B188D67BB00E561A1 /* StarShotCell.m */ = {isa = PBXFileReference; fileEncoding = 4; lastKnownFileType = sourcecode.c.objc; path = StarShotCell.m; sourceTree = "<group>"; };
		01A8FC0C188D67BB00E561A1 /* StarShotCell_Private.h */ = {isa = PBXFileReference; fileEncoding = 4; lastKnownFileType = sourcecode.c.h; path = StarShotCell_Private.h; sourceTree = "<group>"; };
		01A8FC0F188D67E200E561A1 /* delete.png */ = {isa = PBXFileReference; lastKnownFileType = image.png; path = delete.png; sourceTree = "<group>"; };
		01A8FC10188D67E200E561A1 /* delete@2x.png */ = {isa = PBXFileReference; lastKnownFileType = image.png; path = "delete@2x.png"; sourceTree = "<group>"; };
		01A8FC13188D67F100E561A1 /* DeleteShotCell.h */ = {isa = PBXFileReference; fileEncoding = 4; lastKnownFileType = sourcecode.c.h; path = DeleteShotCell.h; sourceTree = "<group>"; };
		01A8FC14188D67F100E561A1 /* DeleteShotCell.m */ = {isa = PBXFileReference; fileEncoding = 4; lastKnownFileType = sourcecode.c.objc; path = DeleteShotCell.m; sourceTree = "<group>"; };
		01A8FC15188D67F100E561A1 /* DeleteShotCell_Private.h */ = {isa = PBXFileReference; fileEncoding = 4; lastKnownFileType = sourcecode.c.h; path = DeleteShotCell_Private.h; sourceTree = "<group>"; };
		01A8FC18188D685D00E561A1 /* Shot.h */ = {isa = PBXFileReference; fileEncoding = 4; lastKnownFileType = sourcecode.c.h; path = Shot.h; sourceTree = "<group>"; };
		01A8FC19188D685D00E561A1 /* Shot.m */ = {isa = PBXFileReference; fileEncoding = 4; lastKnownFileType = sourcecode.c.objc; path = Shot.m; sourceTree = "<group>"; };
		01A8FC1A188D685D00E561A1 /* ShotDataModel.xcdatamodel */ = {isa = PBXFileReference; lastKnownFileType = wrapper.xcdatamodel; path = ShotDataModel.xcdatamodel; sourceTree = "<group>"; };
		01A8FC1F188D68B500E561A1 /* ImageFileManager.h */ = {isa = PBXFileReference; fileEncoding = 4; lastKnownFileType = sourcecode.c.h; path = ImageFileManager.h; sourceTree = "<group>"; };
		01A8FC20188D68B500E561A1 /* ImageFileManager.m */ = {isa = PBXFileReference; fileEncoding = 4; lastKnownFileType = sourcecode.c.objc; path = ImageFileManager.m; sourceTree = "<group>"; };
		01A8FC27188D6A0C00E561A1 /* BaseShotCellSpecs.m */ = {isa = PBXFileReference; fileEncoding = 4; lastKnownFileType = sourcecode.c.objc; path = BaseShotCellSpecs.m; sourceTree = "<group>"; };
		01A8FC29188D6A1300E561A1 /* DeleteShotCellSpecs.m */ = {isa = PBXFileReference; fileEncoding = 4; lastKnownFileType = sourcecode.c.objc; path = DeleteShotCellSpecs.m; sourceTree = "<group>"; };
		01A8FC2B188D6A1D00E561A1 /* StarShotCellSpecs.m */ = {isa = PBXFileReference; fileEncoding = 4; lastKnownFileType = sourcecode.c.objc; path = StarShotCellSpecs.m; sourceTree = "<group>"; };
		2A4BE03D46484004A561CBC0 /* libPods-DribbbleTestTests.a */ = {isa = PBXFileReference; explicitFileType = archive.ar; includeInIndex = 0; path = "libPods-DribbbleTestTests.a"; sourceTree = BUILT_PRODUCTS_DIR; };
		6A5BF29A5954421EB55C9C13 /* Pods.xcconfig */ = {isa = PBXFileReference; includeInIndex = 1; lastKnownFileType = text.xcconfig; name = Pods.xcconfig; path = Pods/Pods.xcconfig; sourceTree = "<group>"; };
		A233A7F7309A4BC0BEF61FC6 /* Pods-DribbbleTestTests.xcconfig */ = {isa = PBXFileReference; includeInIndex = 1; lastKnownFileType = text.xcconfig; name = "Pods-DribbbleTestTests.xcconfig"; path = "Pods/Pods-DribbbleTestTests.xcconfig"; sourceTree = "<group>"; };
		F321DA354D074F5386E51019 /* libPods.a */ = {isa = PBXFileReference; explicitFileType = archive.ar; includeInIndex = 0; path = libPods.a; sourceTree = BUILT_PRODUCTS_DIR; };
/* End PBXFileReference section */

/* Begin PBXFrameworksBuildPhase section */
		01A8FAD5188D335200E561A1 /* Frameworks */ = {
			isa = PBXFrameworksBuildPhase;
			buildActionMask = 2147483647;
			files = (
				01A8FADE188D335200E561A1 /* CoreGraphics.framework in Frameworks */,
				01A8FAE0188D335200E561A1 /* UIKit.framework in Frameworks */,
				01A8FADC188D335200E561A1 /* Foundation.framework in Frameworks */,
				82B80B5A03344E08996B4CA4 /* libPods.a in Frameworks */,
			);
			runOnlyForDeploymentPostprocessing = 0;
		};
		01A8FAF0188D335200E561A1 /* Frameworks */ = {
			isa = PBXFrameworksBuildPhase;
			buildActionMask = 2147483647;
			files = (
				01A8FAF5188D335200E561A1 /* XCTest.framework in Frameworks */,
				01A8FAF7188D335200E561A1 /* UIKit.framework in Frameworks */,
				01A8FAF6188D335200E561A1 /* Foundation.framework in Frameworks */,
				71336BCF02194697889BA12C /* libPods-DribbbleTestTests.a in Frameworks */,
			);
			runOnlyForDeploymentPostprocessing = 0;
		};
/* End PBXFrameworksBuildPhase section */

/* Begin PBXGroup section */
		01A8FACF188D335200E561A1 = {
			isa = PBXGroup;
			children = (
				01A8FAE1188D335200E561A1 /* DribbbleTest */,
				01A8FAFA188D335200E561A1 /* DribbbleTestTests */,
				01A8FADA188D335200E561A1 /* Frameworks */,
				01A8FAD9188D335200E561A1 /* Products */,
				6A5BF29A5954421EB55C9C13 /* Pods.xcconfig */,
				A233A7F7309A4BC0BEF61FC6 /* Pods-DribbbleTestTests.xcconfig */,
			);
			sourceTree = "<group>";
		};
		01A8FAD9188D335200E561A1 /* Products */ = {
			isa = PBXGroup;
			children = (
				01A8FAD8188D335200E561A1 /* DribbbleTest.app */,
				01A8FAF3188D335200E561A1 /* DribbbleTestTests.xctest */,
			);
			name = Products;
			sourceTree = "<group>";
		};
		01A8FADA188D335200E561A1 /* Frameworks */ = {
			isa = PBXGroup;
			children = (
				01A8FADB188D335200E561A1 /* Foundation.framework */,
				01A8FADD188D335200E561A1 /* CoreGraphics.framework */,
				01A8FADF188D335200E561A1 /* UIKit.framework */,
				01A8FAF4188D335200E561A1 /* XCTest.framework */,
				F321DA354D074F5386E51019 /* libPods.a */,
				2A4BE03D46484004A561CBC0 /* libPods-DribbbleTestTests.a */,
			);
			name = Frameworks;
			sourceTree = "<group>";
		};
		01A8FAE1188D335200E561A1 /* DribbbleTest */ = {
			isa = PBXGroup;
			children = (
				01A8FC1D188D688900E561A1 /* Managers */,
				01A8FC17188D685000E561A1 /* DataBase */,
				01A8FBEC188D61DB00E561A1 /* Views */,
				01A8FB80188D612B00E561A1 /* Resources */,
				01A8FB77188D608700E561A1 /* Categories */,
				01A8FB6F188D605800E561A1 /* ViewController */,
				01A8FAEA188D335200E561A1 /* AppDelegate.h */,
				01A8FAEB188D335200E561A1 /* AppDelegate.m */,
				01A8FAED188D335200E561A1 /* Images.xcassets */,
				01A8FAE2188D335200E561A1 /* Supporting Files */,
			);
			path = DribbbleTest;
			sourceTree = "<group>";
		};
		01A8FAE2188D335200E561A1 /* Supporting Files */ = {
			isa = PBXGroup;
			children = (
				01A8FAE3188D335200E561A1 /* DribbbleTest-Info.plist */,
				01A8FAE4188D335200E561A1 /* InfoPlist.strings */,
				01A8FAE7188D335200E561A1 /* main.m */,
				01A8FAE9188D335200E561A1 /* DribbbleTest-Prefix.pch */,
			);
			name = "Supporting Files";
			sourceTree = "<group>";
		};
		01A8FAFA188D335200E561A1 /* DribbbleTestTests */ = {
			isa = PBXGroup;
			children = (
				01A8FC22188D69C100E561A1 /* Views */,
				01A8FBF5188D63F000E561A1 /* ViewControllers */,
				01A8FB00188D335200E561A1 /* DribbbleTestTests.m */,
				01A8FAFB188D335200E561A1 /* Supporting Files */,
			);
			path = DribbbleTestTests;
			sourceTree = "<group>";
		};
		01A8FAFB188D335200E561A1 /* Supporting Files */ = {
			isa = PBXGroup;
			children = (
				01A8FAFC188D335200E561A1 /* DribbbleTestTests-Info.plist */,
				01A8FAFD188D335200E561A1 /* InfoPlist.strings */,
			);
			name = "Supporting Files";
			sourceTree = "<group>";
		};
		01A8FB6F188D605800E561A1 /* ViewController */ = {
			isa = PBXGroup;
			children = (
				01A8FB70188D606700E561A1 /* SettingsViewController */,
			);
			name = ViewController;
			sourceTree = "<group>";
		};
		01A8FB70188D606700E561A1 /* SettingsViewController */ = {
			isa = PBXGroup;
			children = (
				01A8FB71188D608000E561A1 /* SettingsViewController_Private.h */,
				01A8FB72188D608000E561A1 /* SettingsViewController.h */,
				01A8FB73188D608000E561A1 /* SettingsViewController.m */,
				01A8FB74188D608000E561A1 /* SettingsViewController.xib */,
			);
			name = SettingsViewController;
			sourceTree = "<group>";
		};
		01A8FB77188D608700E561A1 /* Categories */ = {
			isa = PBXGroup;
			children = (
				01A8FB79188D60A600E561A1 /* ImageScale */,
				01A8FB78188D609F00E561A1 /* Version */,
			);
			name = Categories;
			sourceTree = "<group>";
		};
		01A8FB78188D609F00E561A1 /* Version */ = {
			isa = PBXGroup;
			children = (
				01A8FB7A188D60B900E561A1 /* UIApplication+BuildVersion.h */,
				01A8FB7B188D60B900E561A1 /* UIApplication+BuildVersion.m */,
			);
			name = Version;
			sourceTree = "<group>";
		};
		01A8FB79188D60A600E561A1 /* ImageScale */ = {
			isa = PBXGroup;
			children = (
				01A8FB7D188D60C100E561A1 /* UIImage+ScaleAndCrop.h */,
				01A8FB7E188D60C100E561A1 /* UIImage+ScaleAndCrop.m */,
			);
			name = ImageScale;
			sourceTree = "<group>";
		};
		01A8FB80188D612B00E561A1 /* Resources */ = {
			isa = PBXGroup;
			children = (
				01A8FB87188D614300E561A1 /* ShotImages */,
				01A8FB81188D613900E561A1 /* dribbble_shots_page2.json */,
				01A8FB82188D613900E561A1 /* dribbble_shots_page1.json */,
				01A8FB83188D613900E561A1 /* TestShotsPList.plist */,
			);
			name = Resources;
			sourceTree = "<group>";
		};
		01A8FB87188D614300E561A1 /* ShotImages */ = {
			isa = PBXGroup;
			children = (
				01A8FB88188D615300E561A1 /* 0.jpg */,
				01A8FB89188D615300E561A1 /* 1.jpg */,
				01A8FB8A188D615300E561A1 /* 2.jpg */,
				01A8FB8B188D615300E561A1 /* 3.jpg */,
				01A8FB8C188D615300E561A1 /* 4.jpg */,
				01A8FB8D188D615300E561A1 /* 5.jpg */,
				01A8FB8E188D615300E561A1 /* 6.jpg */,
				01A8FB8F188D615300E561A1 /* 7.jpg */,
				01A8FB90188D615300E561A1 /* 8.jpg */,
				01A8FB91188D615300E561A1 /* 9.jpg */,
				01A8FB92188D615300E561A1 /* 10.jpg */,
				01A8FB93188D615300E561A1 /* 11.jpg */,
				01A8FB94188D615300E561A1 /* 12.jpg */,
				01A8FB95188D615300E561A1 /* 13.jpg */,
				01A8FB96188D615300E561A1 /* 14.jpg */,
				01A8FB97188D615300E561A1 /* 15.jpg */,
				01A8FB98188D615300E561A1 /* 16.jpg */,
				01A8FB99188D615300E561A1 /* 17.jpg */,
				01A8FB9A188D615300E561A1 /* 18.jpg */,
				01A8FB9B188D615300E561A1 /* 19.jpg */,
				01A8FB9C188D615300E561A1 /* 20.jpg */,
				01A8FB9D188D615300E561A1 /* 21.jpg */,
				01A8FB9E188D615300E561A1 /* 22.jpg */,
				01A8FB9F188D615300E561A1 /* 23.jpg */,
				01A8FBA0188D615300E561A1 /* 24.jpg */,
				01A8FBA1188D615300E561A1 /* 25.jpg */,
				01A8FBA2188D615300E561A1 /* 26.jpg */,
				01A8FBA3188D615300E561A1 /* 27.jpg */,
				01A8FBA4188D615300E561A1 /* 28.jpg */,
				01A8FBA5188D615300E561A1 /* 29.jpg */,
				01A8FBA6188D615300E561A1 /* 30.jpg */,
				01A8FBA7188D615300E561A1 /* 31.jpg */,
				01A8FBA8188D615300E561A1 /* 32.jpg */,
				01A8FBA9188D615300E561A1 /* 33.jpg */,
				01A8FBAA188D615300E561A1 /* 34.jpg */,
				01A8FBAB188D615300E561A1 /* 35.jpg */,
				01A8FBAC188D615300E561A1 /* 36.jpg */,
				01A8FBAD188D615300E561A1 /* 37.jpg */,
				01A8FBAE188D615300E561A1 /* 38.jpg */,
				01A8FBAF188D615300E561A1 /* 39.jpg */,
				01A8FBB0188D615300E561A1 /* 40.jpg */,
				01A8FBB1188D615300E561A1 /* 41.jpg */,
				01A8FBB2188D615300E561A1 /* 42.jpg */,
				01A8FBB3188D615300E561A1 /* 43.jpg */,
				01A8FBB4188D615300E561A1 /* 44.jpg */,
				01A8FBB5188D615300E561A1 /* 45.jpg */,
				01A8FBB6188D615300E561A1 /* 46.jpg */,
				01A8FBB7188D615300E561A1 /* 47.jpg */,
				01A8FBB8188D615300E561A1 /* 48.jpg */,
				01A8FBB9188D615300E561A1 /* 49.jpg */,
			);
			name = ShotImages;
			sourceTree = "<group>";
		};
		01A8FBEC188D61DB00E561A1 /* Views */ = {
			isa = PBXGroup;
			children = (
				01A8FBF9188D674A00E561A1 /* ShotCells */,
				01A8FBED188D61EB00E561A1 /* TabBar */,
			);
			name = Views;
			sourceTree = "<group>";
		};
		01A8FBED188D61EB00E561A1 /* TabBar */ = {
			isa = PBXGroup;
			children = (
				01A8FBEE188D61F600E561A1 /* Resources */,
			);
			name = TabBar;
			sourceTree = "<group>";
		};
		01A8FBEE188D61F600E561A1 /* Resources */ = {
			isa = PBXGroup;
			children = (
				01A8FBEF188D620000E561A1 /* ABFavoriteBadge@2x.png */,
				01A8FBF0188D620000E561A1 /* settings-icon1@2x.png */,
				01A8FBF1188D620000E561A1 /* MobileMailSettings_mailbox@2x.png */,
			);
			name = Resources;
			sourceTree = "<group>";
		};
		01A8FBF5188D63F000E561A1 /* ViewControllers */ = {
			isa = PBXGroup;
			children = (
				01A8FBF6188D644800E561A1 /* SettingsViewController */,
			);
			name = ViewControllers;
			sourceTree = "<group>";
		};
		01A8FBF6188D644800E561A1 /* SettingsViewController */ = {
			isa = PBXGroup;
			children = (
				01A8FBF7188D647300E561A1 /* SettingsViewControllerSpecs.m */,
			);
			name = SettingsViewController;
			sourceTree = "<group>";
		};
		01A8FBF9188D674A00E561A1 /* ShotCells */ = {
			isa = PBXGroup;
			children = (
				01A8FBFC188D677800E561A1 /* DeleteShotCell */,
				01A8FBFB188D676900E561A1 /* StarShotCell */,
				01A8FBFA188D675C00E561A1 /* BaseShotCell */,
			);
			name = ShotCells;
			sourceTree = "<group>";
		};
		01A8FBFA188D675C00E561A1 /* BaseShotCell */ = {
			isa = PBXGroup;
			children = (
				01A8FBFD188D678C00E561A1 /* BaseShotCell_Private.h */,
				01A8FBFE188D678C00E561A1 /* BaseShotCell.h */,
				01A8FBFF188D678C00E561A1 /* BaseShotCell.m */,
			);
			name = BaseShotCell;
			sourceTree = "<group>";
		};
		01A8FBFB188D676900E561A1 /* StarShotCell */ = {
			isa = PBXGroup;
			children = (
				01A8FC0A188D67BB00E561A1 /* StarShotCell.h */,
				01A8FC0B188D67BB00E561A1 /* StarShotCell.m */,
				01A8FC0C188D67BB00E561A1 /* StarShotCell_Private.h */,
				01A8FC01188D679F00E561A1 /* Resources */,
			);
			name = StarShotCell;
			sourceTree = "<group>";
		};
		01A8FBFC188D677800E561A1 /* DeleteShotCell */ = {
			isa = PBXGroup;
			children = (
				01A8FC13188D67F100E561A1 /* DeleteShotCell.h */,
				01A8FC14188D67F100E561A1 /* DeleteShotCell.m */,
				01A8FC15188D67F100E561A1 /* DeleteShotCell_Private.h */,
				01A8FC0E188D67D100E561A1 /* Resources */,
			);
			name = DeleteShotCell;
			sourceTree = "<group>";
		};
		01A8FC01188D679F00E561A1 /* Resources */ = {
			isa = PBXGroup;
			children = (
				01A8FC02188D67AC00E561A1 /* favorbutton-titlelogo-ontap.png */,
				01A8FC03188D67AC00E561A1 /* favorbutton-titlelogo-ontap@2x.png */,
				01A8FC04188D67AC00E561A1 /* favorites-empty-icon.png */,
				01A8FC05188D67AC00E561A1 /* favorites-empty-icon@2x.png */,
			);
			name = Resources;
			sourceTree = "<group>";
		};
		01A8FC0E188D67D100E561A1 /* Resources */ = {
			isa = PBXGroup;
			children = (
				01A8FC0F188D67E200E561A1 /* delete.png */,
				01A8FC10188D67E200E561A1 /* delete@2x.png */,
			);
			name = Resources;
			sourceTree = "<group>";
		};
		01A8FC17188D685000E561A1 /* DataBase */ = {
			isa = PBXGroup;
			children = (
				01A8FC18188D685D00E561A1 /* Shot.h */,
				01A8FC19188D685D00E561A1 /* Shot.m */,
				01A8FC1A188D685D00E561A1 /* ShotDataModel.xcdatamodel */,
			);
			name = DataBase;
			sourceTree = "<group>";
		};
		01A8FC1D188D688900E561A1 /* Managers */ = {
			isa = PBXGroup;
			children = (
				01A8FC2D188D6E1200E561A1 /* DribbleDownLoadManager */,
				01A8FC1E188D68A500E561A1 /* ImageFileManager */,
			);
			name = Managers;
			sourceTree = "<group>";
		};
		01A8FC1E188D68A500E561A1 /* ImageFileManager */ = {
			isa = PBXGroup;
			children = (
				01A8FC1F188D68B500E561A1 /* ImageFileManager.h */,
				01A8FC20188D68B500E561A1 /* ImageFileManager.m */,
			);
			name = ImageFileManager;
			sourceTree = "<group>";
		};
		01A8FC22188D69C100E561A1 /* Views */ = {
			isa = PBXGroup;
			children = (
				01A8FC23188D69D100E561A1 /* ShotCells */,
			);
			name = Views;
			sourceTree = "<group>";
		};
		01A8FC23188D69D100E561A1 /* ShotCells */ = {
			isa = PBXGroup;
			children = (
				01A8FC26188D69FA00E561A1 /* BaseShotCell */,
				01A8FC25188D69E900E561A1 /* DeleteShotCell */,
				01A8FC24188D69DF00E561A1 /* StarShotCell */,
			);
			name = ShotCells;
			sourceTree = "<group>";
		};
		01A8FC24188D69DF00E561A1 /* StarShotCell */ = {
			isa = PBXGroup;
			children = (
				01A8FC2B188D6A1D00E561A1 /* StarShotCellSpecs.m */,
			);
			name = StarShotCell;
			sourceTree = "<group>";
		};
		01A8FC25188D69E900E561A1 /* DeleteShotCell */ = {
			isa = PBXGroup;
			children = (
				01A8FC29188D6A1300E561A1 /* DeleteShotCellSpecs.m */,
			);
			name = DeleteShotCell;
			sourceTree = "<group>";
		};
		01A8FC26188D69FA00E561A1 /* BaseShotCell */ = {
			isa = PBXGroup;
			children = (
				01A8FC27188D6A0C00E561A1 /* BaseShotCellSpecs.m */,
			);
			name = BaseShotCell;
			sourceTree = "<group>";
		};
		01A8FC2D188D6E1200E561A1 /* DribbleDownLoadManager */ = {
			isa = PBXGroup;
			children = (
			);
			name = DribbleDownLoadManager;
			sourceTree = "<group>";
		};
/* End PBXGroup section */

/* Begin PBXNativeTarget section */
		01A8FAD7188D335200E561A1 /* DribbbleTest */ = {
			isa = PBXNativeTarget;
			buildConfigurationList = 01A8FB04188D335200E561A1 /* Build configuration list for PBXNativeTarget "DribbbleTest" */;
			buildPhases = (
				297DA17B4D43424AB1FAAECB /* Check Pods Manifest.lock */,
				01A8FAD4188D335200E561A1 /* Sources */,
				01A8FAD5188D335200E561A1 /* Frameworks */,
				01A8FAD6188D335200E561A1 /* Resources */,
				3A45158127DB4FE5AE788574 /* Copy Pods Resources */,
			);
			buildRules = (
			);
			dependencies = (
			);
			name = DribbbleTest;
			productName = DribbbleTest;
			productReference = 01A8FAD8188D335200E561A1 /* DribbbleTest.app */;
			productType = "com.apple.product-type.application";
		};
		01A8FAF2188D335200E561A1 /* DribbbleTestTests */ = {
			isa = PBXNativeTarget;
			buildConfigurationList = 01A8FB07188D335200E561A1 /* Build configuration list for PBXNativeTarget "DribbbleTestTests" */;
			buildPhases = (
				0917A94BEFE74DE387BA989D /* Check Pods Manifest.lock */,
				01A8FAEF188D335200E561A1 /* Sources */,
				01A8FAF0188D335200E561A1 /* Frameworks */,
				01A8FAF1188D335200E561A1 /* Resources */,
				3C8208ABC01D468DB578CE04 /* Copy Pods Resources */,
			);
			buildRules = (
			);
			dependencies = (
				01A8FAF9188D335200E561A1 /* PBXTargetDependency */,
			);
			name = DribbbleTestTests;
			productName = DribbbleTestTests;
			productReference = 01A8FAF3188D335200E561A1 /* DribbbleTestTests.xctest */;
			productType = "com.apple.product-type.bundle.unit-test";
		};
/* End PBXNativeTarget section */

/* Begin PBXProject section */
		01A8FAD0188D335200E561A1 /* Project object */ = {
			isa = PBXProject;
			attributes = {
				LastUpgradeCheck = 0500;
				ORGANIZATIONNAME = "Dmitriy Korkin";
				TargetAttributes = {
					01A8FAF2188D335200E561A1 = {
						TestTargetID = 01A8FAD7188D335200E561A1;
					};
				};
			};
			buildConfigurationList = 01A8FAD3188D335200E561A1 /* Build configuration list for PBXProject "DribbbleTest" */;
			compatibilityVersion = "Xcode 3.2";
			developmentRegion = English;
			hasScannedForEncodings = 0;
			knownRegions = (
				en,
			);
			mainGroup = 01A8FACF188D335200E561A1;
			productRefGroup = 01A8FAD9188D335200E561A1 /* Products */;
			projectDirPath = "";
			projectRoot = "";
			targets = (
				01A8FAD7188D335200E561A1 /* DribbbleTest */,
				01A8FAF2188D335200E561A1 /* DribbbleTestTests */,
			);
		};
/* End PBXProject section */

/* Begin PBXResourcesBuildPhase section */
		01A8FAD6188D335200E561A1 /* Resources */ = {
			isa = PBXResourcesBuildPhase;
			buildActionMask = 2147483647;
			files = (
				01A8FBC2188D615300E561A1 /* 8.jpg in Resources */,
				01A8FBE8188D615300E561A1 /* 46.jpg in Resources */,
				01A8FBCA188D615300E561A1 /* 16.jpg in Resources */,
				01A8FBBE188D615300E561A1 /* 4.jpg in Resources */,
				01A8FAE6188D335200E561A1 /* InfoPlist.strings in Resources */,
				01A8FBDC188D615300E561A1 /* 34.jpg in Resources */,
				01A8FBCF188D615300E561A1 /* 21.jpg in Resources */,
				01A8FBC8188D615300E561A1 /* 14.jpg in Resources */,
				01A8FBE1188D615300E561A1 /* 39.jpg in Resources */,
				01A8FC09188D67AC00E561A1 /* favorites-empty-icon@2x.png in Resources */,
				01A8FBD5188D615300E561A1 /* 27.jpg in Resources */,
				01A8FBE6188D615300E561A1 /* 44.jpg in Resources */,
				01A8FC06188D67AC00E561A1 /* favorbutton-titlelogo-ontap.png in Resources */,
				01A8FBC5188D615300E561A1 /* 11.jpg in Resources */,
				01A8FBE5188D615300E561A1 /* 43.jpg in Resources */,
				01A8FBD7188D615300E561A1 /* 29.jpg in Resources */,
				01A8FBC0188D615300E561A1 /* 6.jpg in Resources */,
				01A8FBC7188D615300E561A1 /* 13.jpg in Resources */,
				01A8FBC1188D615300E561A1 /* 7.jpg in Resources */,
				01A8FB85188D613900E561A1 /* dribbble_shots_page1.json in Resources */,
				01A8FBE9188D615300E561A1 /* 47.jpg in Resources */,
				01A8FBDA188D615300E561A1 /* 32.jpg in Resources */,
				01A8FBEA188D615300E561A1 /* 48.jpg in Resources */,
				01A8FB84188D613900E561A1 /* dribbble_shots_page2.json in Resources */,
				01A8FBBC188D615300E561A1 /* 2.jpg in Resources */,
				01A8FBBA188D615300E561A1 /* 0.jpg in Resources */,
				01A8FBD8188D615300E561A1 /* 30.jpg in Resources */,
				01A8FBDD188D615300E561A1 /* 35.jpg in Resources */,
				01A8FBCD188D615300E561A1 /* 19.jpg in Resources */,
				01A8FBBD188D615300E561A1 /* 3.jpg in Resources */,
				01A8FB86188D613900E561A1 /* TestShotsPList.plist in Resources */,
				01A8FBE7188D615300E561A1 /* 45.jpg in Resources */,
				01A8FBD4188D615300E561A1 /* 26.jpg in Resources */,
				01A8FBBB188D615300E561A1 /* 1.jpg in Resources */,
				01A8FBDE188D615300E561A1 /* 36.jpg in Resources */,
				01A8FBBF188D615300E561A1 /* 5.jpg in Resources */,
				01A8FBEB188D615300E561A1 /* 49.jpg in Resources */,
				01A8FBC6188D615300E561A1 /* 12.jpg in Resources */,
				01A8FBD1188D615300E561A1 /* 23.jpg in Resources */,
				01A8FC08188D67AC00E561A1 /* favorites-empty-icon.png in Resources */,
				01A8FBC4188D615300E561A1 /* 10.jpg in Resources */,
				01A8FC12188D67E200E561A1 /* delete@2x.png in Resources */,
				01A8FC07188D67AC00E561A1 /* favorbutton-titlelogo-ontap@2x.png in Resources */,
				01A8FBC3188D615300E561A1 /* 9.jpg in Resources */,
				01A8FBD6188D615300E561A1 /* 28.jpg in Resources */,
				01A8FBCC188D615300E561A1 /* 18.jpg in Resources */,
				01A8FBD2188D615300E561A1 /* 24.jpg in Resources */,
				01A8FBF3188D620000E561A1 /* settings-icon1@2x.png in Resources */,
				01A8FBF2188D620000E561A1 /* ABFavoriteBadge@2x.png in Resources */,
				01A8FC11188D67E200E561A1 /* delete.png in Resources */,
				01A8FB76188D608000E561A1 /* SettingsViewController.xib in Resources */,
				01A8FBDF188D615300E561A1 /* 37.jpg in Resources */,
				01A8FBE2188D615300E561A1 /* 40.jpg in Resources */,
				01A8FBCB188D615300E561A1 /* 17.jpg in Resources */,
				01A8FAEE188D335200E561A1 /* Images.xcassets in Resources */,
				01A8FBF4188D620000E561A1 /* MobileMailSettings_mailbox@2x.png in Resources */,
				01A8FBD9188D615300E561A1 /* 31.jpg in Resources */,
				01A8FBDB188D615300E561A1 /* 33.jpg in Resources */,
				01A8FBE3188D615300E561A1 /* 41.jpg in Resources */,
				01A8FBE0188D615300E561A1 /* 38.jpg in Resources */,
				01A8FBD3188D615300E561A1 /* 25.jpg in Resources */,
				01A8FBD0188D615300E561A1 /* 22.jpg in Resources */,
				01A8FBC9188D615300E561A1 /* 15.jpg in Resources */,
				01A8FBCE188D615300E561A1 /* 20.jpg in Resources */,
				01A8FBE4188D615300E561A1 /* 42.jpg in Resources */,
			);
			runOnlyForDeploymentPostprocessing = 0;
		};
		01A8FAF1188D335200E561A1 /* Resources */ = {
			isa = PBXResourcesBuildPhase;
			buildActionMask = 2147483647;
			files = (
				01A8FAFF188D335200E561A1 /* InfoPlist.strings in Resources */,
			);
			runOnlyForDeploymentPostprocessing = 0;
		};
/* End PBXResourcesBuildPhase section */

/* Begin PBXShellScriptBuildPhase section */
		0917A94BEFE74DE387BA989D /* Check Pods Manifest.lock */ = {
			isa = PBXShellScriptBuildPhase;
			buildActionMask = 2147483647;
			files = (
			);
			inputPaths = (
			);
			name = "Check Pods Manifest.lock";
			outputPaths = (
			);
			runOnlyForDeploymentPostprocessing = 0;
			shellPath = /bin/sh;
			shellScript = "diff \"${PODS_ROOT}/../Podfile.lock\" \"${PODS_ROOT}/Manifest.lock\" > /dev/null\nif [[ $? != 0 ]] ; then\n    cat << EOM\nerror: The sandbox is not in sync with the Podfile.lock. Run 'pod install' or update your CocoaPods installation.\nEOM\n    exit 1\nfi\n";
			showEnvVarsInLog = 0;
		};
		297DA17B4D43424AB1FAAECB /* Check Pods Manifest.lock */ = {
			isa = PBXShellScriptBuildPhase;
			buildActionMask = 2147483647;
			files = (
			);
			inputPaths = (
			);
			name = "Check Pods Manifest.lock";
			outputPaths = (
			);
			runOnlyForDeploymentPostprocessing = 0;
			shellPath = /bin/sh;
			shellScript = "diff \"${PODS_ROOT}/../Podfile.lock\" \"${PODS_ROOT}/Manifest.lock\" > /dev/null\nif [[ $? != 0 ]] ; then\n    cat << EOM\nerror: The sandbox is not in sync with the Podfile.lock. Run 'pod install' or update your CocoaPods installation.\nEOM\n    exit 1\nfi\n";
			showEnvVarsInLog = 0;
		};
		3A45158127DB4FE5AE788574 /* Copy Pods Resources */ = {
			isa = PBXShellScriptBuildPhase;
			buildActionMask = 2147483647;
			files = (
			);
			inputPaths = (
			);
			name = "Copy Pods Resources";
			outputPaths = (
			);
			runOnlyForDeploymentPostprocessing = 0;
			shellPath = /bin/sh;
			shellScript = "\"${SRCROOT}/Pods/Pods-resources.sh\"\n";
			showEnvVarsInLog = 0;
		};
		3C8208ABC01D468DB578CE04 /* Copy Pods Resources */ = {
			isa = PBXShellScriptBuildPhase;
			buildActionMask = 2147483647;
			files = (
			);
			inputPaths = (
			);
			name = "Copy Pods Resources";
			outputPaths = (
			);
			runOnlyForDeploymentPostprocessing = 0;
			shellPath = /bin/sh;
			shellScript = "\"${SRCROOT}/Pods/Pods-DribbbleTestTests-resources.sh\"\n";
			showEnvVarsInLog = 0;
		};
/* End PBXShellScriptBuildPhase section */

/* Begin PBXSourcesBuildPhase section */
		01A8FAD4188D335200E561A1 /* Sources */ = {
			isa = PBXSourcesBuildPhase;
			buildActionMask = 2147483647;
			files = (
				01A8FC1C188D685D00E561A1 /* ShotDataModel.xcdatamodel in Sources */,
				01A8FB7F188D60C100E561A1 /* UIImage+ScaleAndCrop.m in Sources */,
				01A8FC21188D68B500E561A1 /* ImageFileManager.m in Sources */,
				01A8FB75188D608000E561A1 /* SettingsViewController.m in Sources */,
				01A8FAEC188D335200E561A1 /* AppDelegate.m in Sources */,
				01A8FC0D188D67BB00E561A1 /* StarShotCell.m in Sources */,
				01A8FC1B188D685D00E561A1 /* Shot.m in Sources */,
				01A8FC16188D67F100E561A1 /* DeleteShotCell.m in Sources */,
				01A8FB7C188D60B900E561A1 /* UIApplication+BuildVersion.m in Sources */,
				01A8FC00188D678C00E561A1 /* BaseShotCell.m in Sources */,
				01A8FAE8188D335200E561A1 /* main.m in Sources */,
			);
			runOnlyForDeploymentPostprocessing = 0;
		};
		01A8FAEF188D335200E561A1 /* Sources */ = {
			isa = PBXSourcesBuildPhase;
			buildActionMask = 2147483647;
			files = (
				01A8FBF8188D647300E561A1 /* SettingsViewControllerSpecs.m in Sources */,
				01A8FB01188D335200E561A1 /* DribbbleTestTests.m in Sources */,
				01A8FC28188D6A0C00E561A1 /* BaseShotCellSpecs.m in Sources */,
				01A8FC2A188D6A1300E561A1 /* DeleteShotCellSpecs.m in Sources */,
				01A8FC2C188D6A1D00E561A1 /* StarShotCellSpecs.m in Sources */,
			);
			runOnlyForDeploymentPostprocessing = 0;
		};
/* End PBXSourcesBuildPhase section */

/* Begin PBXTargetDependency section */
		01A8FAF9188D335200E561A1 /* PBXTargetDependency */ = {
			isa = PBXTargetDependency;
			target = 01A8FAD7188D335200E561A1 /* DribbbleTest */;
			targetProxy = 01A8FAF8188D335200E561A1 /* PBXContainerItemProxy */;
		};
/* End PBXTargetDependency section */

/* Begin PBXVariantGroup section */
		01A8FAE4188D335200E561A1 /* InfoPlist.strings */ = {
			isa = PBXVariantGroup;
			children = (
				01A8FAE5188D335200E561A1 /* en */,
			);
			name = InfoPlist.strings;
			sourceTree = "<group>";
		};
		01A8FAFD188D335200E561A1 /* InfoPlist.strings */ = {
			isa = PBXVariantGroup;
			children = (
				01A8FAFE188D335200E561A1 /* en */,
			);
			name = InfoPlist.strings;
			sourceTree = "<group>";
		};
/* End PBXVariantGroup section */

/* Begin XCBuildConfiguration section */
		01A8FB02188D335200E561A1 /* Debug */ = {
			isa = XCBuildConfiguration;
			buildSettings = {
				ALWAYS_SEARCH_USER_PATHS = NO;
				ARCHS = "$(ARCHS_STANDARD_INCLUDING_64_BIT)";
				CLANG_CXX_LANGUAGE_STANDARD = "gnu++0x";
				CLANG_CXX_LIBRARY = "libc++";
				CLANG_ENABLE_MODULES = YES;
				CLANG_ENABLE_OBJC_ARC = YES;
				CLANG_WARN_BOOL_CONVERSION = YES;
				CLANG_WARN_CONSTANT_CONVERSION = YES;
				CLANG_WARN_DIRECT_OBJC_ISA_USAGE = YES_ERROR;
				CLANG_WARN_EMPTY_BODY = YES;
				CLANG_WARN_ENUM_CONVERSION = YES;
				CLANG_WARN_INT_CONVERSION = YES;
				CLANG_WARN_OBJC_ROOT_CLASS = YES_ERROR;
				CLANG_WARN__DUPLICATE_METHOD_MATCH = YES;
				"CODE_SIGN_IDENTITY[sdk=iphoneos*]" = "iPhone Developer";
				COPY_PHASE_STRIP = NO;
				GCC_C_LANGUAGE_STANDARD = gnu99;
				GCC_DYNAMIC_NO_PIC = NO;
				GCC_OPTIMIZATION_LEVEL = 0;
				GCC_PREPROCESSOR_DEFINITIONS = (
					"DEBUG=1",
					"$(inherited)",
				);
				GCC_SYMBOLS_PRIVATE_EXTERN = NO;
				GCC_WARN_64_TO_32_BIT_CONVERSION = YES;
				GCC_WARN_ABOUT_RETURN_TYPE = YES_ERROR;
				GCC_WARN_UNDECLARED_SELECTOR = YES;
				GCC_WARN_UNINITIALIZED_AUTOS = YES;
				GCC_WARN_UNUSED_FUNCTION = YES;
				GCC_WARN_UNUSED_VARIABLE = YES;
				IPHONEOS_DEPLOYMENT_TARGET = 7.0;
				ONLY_ACTIVE_ARCH = YES;
				SDKROOT = iphoneos;
				TARGETED_DEVICE_FAMILY = "1,2";
			};
			name = Debug;
		};
		01A8FB03188D335200E561A1 /* Release */ = {
			isa = XCBuildConfiguration;
			buildSettings = {
				ALWAYS_SEARCH_USER_PATHS = NO;
				ARCHS = "$(ARCHS_STANDARD_INCLUDING_64_BIT)";
				CLANG_CXX_LANGUAGE_STANDARD = "gnu++0x";
				CLANG_CXX_LIBRARY = "libc++";
				CLANG_ENABLE_MODULES = YES;
				CLANG_ENABLE_OBJC_ARC = YES;
				CLANG_WARN_BOOL_CONVERSION = YES;
				CLANG_WARN_CONSTANT_CONVERSION = YES;
				CLANG_WARN_DIRECT_OBJC_ISA_USAGE = YES_ERROR;
				CLANG_WARN_EMPTY_BODY = YES;
				CLANG_WARN_ENUM_CONVERSION = YES;
				CLANG_WARN_INT_CONVERSION = YES;
				CLANG_WARN_OBJC_ROOT_CLASS = YES_ERROR;
				CLANG_WARN__DUPLICATE_METHOD_MATCH = YES;
				"CODE_SIGN_IDENTITY[sdk=iphoneos*]" = "iPhone Developer";
				COPY_PHASE_STRIP = YES;
				ENABLE_NS_ASSERTIONS = NO;
				GCC_C_LANGUAGE_STANDARD = gnu99;
				GCC_WARN_64_TO_32_BIT_CONVERSION = YES;
				GCC_WARN_ABOUT_RETURN_TYPE = YES_ERROR;
				GCC_WARN_UNDECLARED_SELECTOR = YES;
				GCC_WARN_UNINITIALIZED_AUTOS = YES;
				GCC_WARN_UNUSED_FUNCTION = YES;
				GCC_WARN_UNUSED_VARIABLE = YES;
				IPHONEOS_DEPLOYMENT_TARGET = 7.0;
				SDKROOT = iphoneos;
				TARGETED_DEVICE_FAMILY = "1,2";
				VALIDATE_PRODUCT = YES;
			};
			name = Release;
		};
		01A8FB05188D335200E561A1 /* Debug */ = {
			isa = XCBuildConfiguration;
			baseConfigurationReference = 6A5BF29A5954421EB55C9C13 /* Pods.xcconfig */;
			buildSettings = {
				ASSETCATALOG_COMPILER_APPICON_NAME = AppIcon;
				ASSETCATALOG_COMPILER_LAUNCHIMAGE_NAME = LaunchImage;
				GCC_PRECOMPILE_PREFIX_HEADER = YES;
				GCC_PREFIX_HEADER = "DribbbleTest/DribbbleTest-Prefix.pch";
				INFOPLIST_FILE = "DribbbleTest/DribbbleTest-Info.plist";
				PRODUCT_NAME = "$(TARGET_NAME)";
				WRAPPER_EXTENSION = app;
			};
			name = Debug;
		};
		01A8FB06188D335200E561A1 /* Release */ = {
			isa = XCBuildConfiguration;
			baseConfigurationReference = 6A5BF29A5954421EB55C9C13 /* Pods.xcconfig */;
			buildSettings = {
				ASSETCATALOG_COMPILER_APPICON_NAME = AppIcon;
				ASSETCATALOG_COMPILER_LAUNCHIMAGE_NAME = LaunchImage;
				GCC_PRECOMPILE_PREFIX_HEADER = YES;
				GCC_PREFIX_HEADER = "DribbbleTest/DribbbleTest-Prefix.pch";
				INFOPLIST_FILE = "DribbbleTest/DribbbleTest-Info.plist";
				PRODUCT_NAME = "$(TARGET_NAME)";
				WRAPPER_EXTENSION = app;
			};
			name = Release;
		};
		01A8FB08188D335200E561A1 /* Debug */ = {
			isa = XCBuildConfiguration;
			baseConfigurationReference = A233A7F7309A4BC0BEF61FC6 /* Pods-DribbbleTestTests.xcconfig */;
			buildSettings = {
				ARCHS = "$(ARCHS_STANDARD_INCLUDING_64_BIT)";
				BUNDLE_LOADER = "$(BUILT_PRODUCTS_DIR)/DribbbleTest.app/DribbbleTest";
				FRAMEWORK_SEARCH_PATHS = (
					"$(SDKROOT)/Developer/Library/Frameworks",
					"$(inherited)",
					"$(DEVELOPER_FRAMEWORKS_DIR)",
				);
				GCC_PRECOMPILE_PREFIX_HEADER = YES;
				GCC_PREFIX_HEADER = "DribbbleTest/DribbbleTest-Prefix.pch";
				GCC_PREPROCESSOR_DEFINITIONS = (
					"DEBUG=1",
					"$(inherited)",
				);
				INFOPLIST_FILE = "DribbbleTestTests/DribbbleTestTests-Info.plist";
				PRODUCT_NAME = "$(TARGET_NAME)";
				TEST_HOST = "$(BUNDLE_LOADER)";
				WRAPPER_EXTENSION = xctest;
			};
			name = Debug;
		};
		01A8FB09188D335200E561A1 /* Release */ = {
			isa = XCBuildConfiguration;
			baseConfigurationReference = A233A7F7309A4BC0BEF61FC6 /* Pods-DribbbleTestTests.xcconfig */;
			buildSettings = {
				ARCHS = "$(ARCHS_STANDARD_INCLUDING_64_BIT)";
				BUNDLE_LOADER = "$(BUILT_PRODUCTS_DIR)/DribbbleTest.app/DribbbleTest";
				FRAMEWORK_SEARCH_PATHS = (
					"$(SDKROOT)/Developer/Library/Frameworks",
					"$(inherited)",
					"$(DEVELOPER_FRAMEWORKS_DIR)",
				);
				GCC_PRECOMPILE_PREFIX_HEADER = YES;
				GCC_PREFIX_HEADER = "DribbbleTest/DribbbleTest-Prefix.pch";
				INFOPLIST_FILE = "DribbbleTestTests/DribbbleTestTests-Info.plist";
				PRODUCT_NAME = "$(TARGET_NAME)";
				TEST_HOST = "$(BUNDLE_LOADER)";
				WRAPPER_EXTENSION = xctest;
			};
			name = Release;
		};
/* End XCBuildConfiguration section */

/* Begin XCConfigurationList section */
		01A8FAD3188D335200E561A1 /* Build configuration list for PBXProject "DribbbleTest" */ = {
			isa = XCConfigurationList;
			buildConfigurations = (
				01A8FB02188D335200E561A1 /* Debug */,
				01A8FB03188D335200E561A1 /* Release */,
			);
			defaultConfigurationIsVisible = 0;
			defaultConfigurationName = Release;
		};
		01A8FB04188D335200E561A1 /* Build configuration list for PBXNativeTarget "DribbbleTest" */ = {
			isa = XCConfigurationList;
			buildConfigurations = (
				01A8FB05188D335200E561A1 /* Debug */,
				01A8FB06188D335200E561A1 /* Release */,
			);
			defaultConfigurationIsVisible = 0;
			defaultConfigurationName = Release;
		};
		01A8FB07188D335200E561A1 /* Build configuration list for PBXNativeTarget "DribbbleTestTests" */ = {
			isa = XCConfigurationList;
			buildConfigurations = (
				01A8FB08188D335200E561A1 /* Debug */,
				01A8FB09188D335200E561A1 /* Release */,
			);
			defaultConfigurationIsVisible = 0;
			defaultConfigurationName = Release;
		};
/* End XCConfigurationList section */
	};
	rootObject = 01A8FAD0188D335200E561A1 /* Project object */;
}
